
Microsoft Visual Studio Solution File, Format Version 12.00
# Visual Studio Version 17
VisualStudioVersion = 17.14.36121.58 d17.14
MinimumVisualStudioVersion = 10.0.40219.1
Project("{FAE04EC0-301F-11D3-BF4B-00C04F79EFBC}") = "ex1 - 1", "ex1 - 1\ex1 - 1.csproj", "{A7528C92-3D5C-460C-9EBA-CB5664555271}"
EndProject
Global
	GlobalSection(SolutionConfigurationPlatforms) = preSolution
		Debug|Any CPU = Debug|Any CPU
		Release|Any CPU = Release|Any CPU
	EndGlobalSection
	GlobalSection(ProjectConfigurationPlatforms) = postSolution
		{A7528C92-3D5C-460C-9EBA-CB5664555271}.Debug|Any CPU.ActiveCfg = Debug|Any CPU
		{A7528C92-3D5C-460C-9EBA-CB5664555271}.Debug|Any CPU.Build.0 = Debug|Any CPU
		{A7528C92-3D5C-460C-9EBA-CB5664555271}.Release|Any CPU.ActiveCfg = Release|Any CPU
		{A7528C92-3D5C-460C-9EBA-CB5664555271}.Release|Any CPU.Build.0 = Release|Any CPU
	EndGlobalSection
	GlobalSection(SolutionProperties) = preSolution
		HideSolutionNode = FALSE
	EndGlobalSection
	GlobalSection(ExtensibilityGlobals) = postSolution
		SolutionGuid = {4659A87D-64CB-48CC-84F8-81B4EB5CF711}
	EndGlobalSection
EndGlobal
