using System;

namespace MyApp
{
    internal class Program
    {
        static void Main(string[] args)
        {
            const int N_lin = 3, N_col = 3;
            int[,] mat = new int[N_lin, N_col];
            int l, c;

            Console.WriteLine("Cadastrando dados na matriz\n");
            Console.WriteLine("Entre com o valor em cada posição da matriz:\n");
            for (l = 0; l < N_lin; l++)
            {
                for (c = 0; c < N_col; c++)
                {
                    Console.Write($"mat[{l},{c}] = ");
                    mat[l, c] = int.Parse(Console.ReadLine());
                }
            }

            Console.WriteLine("\nExibindo os dados da matriz:\n");

            for (l = 0; l < N_lin; l++)
            {
                for (c = 0; c < N_col; c++)
                {
                    Console.Write($"{mat[l, c]} ");
                }
                Console.WriteLine(); 
            }

            Console.ReadKey();
        }
    }
}
