
Microsoft Visual Studio Solution File, Format Version 12.00
# Visual Studio Version 17
VisualStudioVersion = 17.12.35527.113 d17.12
MinimumVisualStudioVersion = 10.0.40219.1
Project("{FAE04EC0-301F-11D3-BF4B-00C04F79EFBC}") = "exemplo2", "exemplo2\exemplo2.csproj", "{AEDD1E86-D95E-4F1D-8681-78CD43313556}"
EndProject
Global
	GlobalSection(SolutionConfigurationPlatforms) = preSolution
		Debug|Any CPU = Debug|Any CPU
		Release|Any CPU = Release|Any CPU
	EndGlobalSection
	GlobalSection(ProjectConfigurationPlatforms) = postSolution
		{AEDD1E86-D95E-4F1D-8681-78CD43313556}.Debug|Any CPU.ActiveCfg = Debug|Any CPU
		{AEDD1E86-D95E-4F1D-8681-78CD43313556}.Debug|Any CPU.Build.0 = Debug|Any CPU
		{AEDD1E86-D95E-4F1D-8681-78CD43313556}.Release|Any CPU.ActiveCfg = Release|Any CPU
		{AEDD1E86-D95E-4F1D-8681-78CD43313556}.Release|Any CPU.Build.0 = Release|Any CPU
	EndGlobalSection
	GlobalSection(SolutionProperties) = preSolution
		HideSolutionNode = FALSE
	EndGlobalSection
EndGlobal
